
Microsoft Visual Studio Solution File, Format Version 12.00
# Visual Studio Version 16
VisualStudioVersion = 16.0.30320.27
MinimumVisualStudioVersion = 10.0.40219.1
Project("{FAE04EC0-301F-11D3-BF4B-00C04F79EFBC}") = "WebAPI", "WebAPI\WebAPI.csproj", "{3FA862A5-A35E-42EE-89A0-516347A537DD}"
EndProject
Global
	GlobalSection(SolutionConfigurationPlatforms) = preSolution
		Debug|Any CPU = Debug|Any CPU
		Release|Any CPU = Release|Any CPU
	EndGlobalSection
	GlobalSection(ProjectConfigurationPlatforms) = postSolution
		{3FA862A5-A35E-42EE-89A0-516347A537DD}.Debug|Any CPU.ActiveCfg = Debug|Any CPU
		{3FA862A5-A35E-42EE-89A0-516347A537DD}.Debug|Any CPU.Build.0 = Debug|Any CPU
		{3FA862A5-A35E-42EE-89A0-516347A537DD}.Release|Any CPU.ActiveCfg = Release|Any CPU
		{3FA862A5-A35E-42EE-89A0-516347A537DD}.Release|Any CPU.Build.0 = Release|Any CPU
	EndGlobalSection
	GlobalSection(SolutionProperties) = preSolution
		HideSolutionNode = FALSE
	EndGlobalSection
	GlobalSection(ExtensibilityGlobals) = postSolution
		SolutionGuid = {661F7DC4-4F26-4F71-88F1-C257B500D1F0}
	EndGlobalSection
EndGlobal
